// !$*UTF8*$!
{
	archiveVersion = 1;
	classes = {
	};
	objectVersion = 55;
	objects = {

/* Begin PBXBuildFile section */
		56DB709927788FEC001A389C /* DefaultButton.swift in Sources */ = {isa = PBXBuildFile; fileRef = 56DB709827788FEC001A389C /* DefaultButton.swift */; };
		690823912772679B000B3943 /* GrowingTextView+Extension.swift in Sources */ = {isa = PBXBuildFile; fileRef = 690823902772679B000B3943 /* GrowingTextView+Extension.swift */; };
		690FD7D2277530AA0031F846 /* RedirectManager.swift in Sources */ = {isa = PBXBuildFile; fileRef = 690FD7D1277530AA0031F846 /* RedirectManager.swift */; };
		690FD7D4277533C30031F846 /* URL+Extension.swift in Sources */ = {isa = PBXBuildFile; fileRef = 690FD7D3277533C30031F846 /* URL+Extension.swift */; };
		690FD7D827753BFC0031F846 /* ToastView.swift in Sources */ = {isa = PBXBuildFile; fileRef = 690FD7D627753BFC0031F846 /* ToastView.swift */; };
		690FD7D927753BFC0031F846 /* ToastView.xib in Resources */ = {isa = PBXBuildFile; fileRef = 690FD7D727753BFC0031F846 /* ToastView.xib */; };
		690FD7DB27753C180031F846 /* LoadingNib.swift in Sources */ = {isa = PBXBuildFile; fileRef = 690FD7DA27753C180031F846 /* LoadingNib.swift */; };
		690FD7DD27753E620031F846 /* UIViewController+Extension.swift in Sources */ = {isa = PBXBuildFile; fileRef = 690FD7DC27753E620031F846 /* UIViewController+Extension.swift */; };
		690FD7E42775436D0031F846 /* EmailValidator.swift in Sources */ = {isa = PBXBuildFile; fileRef = 690FD7DF2775436D0031F846 /* EmailValidator.swift */; };
		690FD7E52775436D0031F846 /* VaildatorFactory.swift in Sources */ = {isa = PBXBuildFile; fileRef = 690FD7E02775436D0031F846 /* VaildatorFactory.swift */; };
		690FD7E62775436D0031F846 /* ValidationError.swift in Sources */ = {isa = PBXBuildFile; fileRef = 690FD7E12775436D0031F846 /* ValidationError.swift */; };
		690FD7E72775436D0031F846 /* PasswordValidator.swift in Sources */ = {isa = PBXBuildFile; fileRef = 690FD7E22775436D0031F846 /* PasswordValidator.swift */; };
		690FD7E82775436D0031F846 /* UserNameValidator.swift in Sources */ = {isa = PBXBuildFile; fileRef = 690FD7E32775436D0031F846 /* UserNameValidator.swift */; };
		690FD7EA277543950031F846 /* String+Extension.swift in Sources */ = {isa = PBXBuildFile; fileRef = 690FD7E9277543950031F846 /* String+Extension.swift */; };
		690FD7EC277543E20031F846 /* UITextField+Extension.swift in Sources */ = {isa = PBXBuildFile; fileRef = 690FD7EB277543E20031F846 /* UITextField+Extension.swift */; };
		690FD7EE27754A0F0031F846 /* UIColor+Extension.swift in Sources */ = {isa = PBXBuildFile; fileRef = 690FD7ED27754A0F0031F846 /* UIColor+Extension.swift */; };
		6971083927750503004537A4 /* AuthorizationApi.swift in Sources */ = {isa = PBXBuildFile; fileRef = 6971083827750503004537A4 /* AuthorizationApi.swift */; };
		6971083B27750649004537A4 /* Constants.swift in Sources */ = {isa = PBXBuildFile; fileRef = 6971083A27750649004537A4 /* Constants.swift */; };
		6971083D27750823004537A4 /* AuthorizationApiService.swift in Sources */ = {isa = PBXBuildFile; fileRef = 6971083C27750823004537A4 /* AuthorizationApiService.swift */; };
		6971083F27750963004537A4 /* BaseApiService.swift in Sources */ = {isa = PBXBuildFile; fileRef = 6971083E27750963004537A4 /* BaseApiService.swift */; };
		6971084427750BC5004537A4 /* AuthorizationRequest.swift in Sources */ = {isa = PBXBuildFile; fileRef = 6971084327750BC5004537A4 /* AuthorizationRequest.swift */; };
		6971084627750BF0004537A4 /* ConfirmResetPasswordRequest.swift in Sources */ = {isa = PBXBuildFile; fileRef = 6971084527750BF0004537A4 /* ConfirmResetPasswordRequest.swift */; };
		6971084927750F6C004537A4 /* RoomsApi.swift in Sources */ = {isa = PBXBuildFile; fileRef = 6971084827750F6C004537A4 /* RoomsApi.swift */; };
		6971084B277510BF004537A4 /* RoomsRequest.swift in Sources */ = {isa = PBXBuildFile; fileRef = 6971084A277510BF004537A4 /* RoomsRequest.swift */; };
		6971084F27751365004537A4 /* CreateRoomRequest.swift in Sources */ = {isa = PBXBuildFile; fileRef = 6971084E27751365004537A4 /* CreateRoomRequest.swift */; };
		6971085227751A54004537A4 /* User.swift in Sources */ = {isa = PBXBuildFile; fileRef = 6971085127751A54004537A4 /* User.swift */; };
		6971085427751D44004537A4 /* JoinRoomResponse.swift in Sources */ = {isa = PBXBuildFile; fileRef = 6971085327751D44004537A4 /* JoinRoomResponse.swift */; };
		6971085627751ED7004537A4 /* Room.swift in Sources */ = {isa = PBXBuildFile; fileRef = 6971085527751ED7004537A4 /* Room.swift */; };
		6974DB8A2770F73D007243E3 /* AppManager.swift in Sources */ = {isa = PBXBuildFile; fileRef = 6974DB892770F73D007243E3 /* AppManager.swift */; };
		6974DB8D2770F996007243E3 /* AppInfo.swift in Sources */ = {isa = PBXBuildFile; fileRef = 6974DB8C2770F996007243E3 /* AppInfo.swift */; };
		6974DB9027711DF2007243E3 /* BaseController.swift in Sources */ = {isa = PBXBuildFile; fileRef = 6974DB8F27711DF2007243E3 /* BaseController.swift */; };
		6974DB9427712294007243E3 /* Localizable.strings in Resources */ = {isa = PBXBuildFile; fileRef = 6974DB9627712294007243E3 /* Localizable.strings */; };
		6974DBA327712816007243E3 /* UITableView+Extension.swift in Sources */ = {isa = PBXBuildFile; fileRef = 6974DBA227712816007243E3 /* UITableView+Extension.swift */; };
		6974DBA5277128E5007243E3 /* UIView+Extension.swift in Sources */ = {isa = PBXBuildFile; fileRef = 6974DBA4277128E5007243E3 /* UIView+Extension.swift */; };
		6974DBA727712C92007243E3 /* BaseNavigationController.swift in Sources */ = {isa = PBXBuildFile; fileRef = 6974DBA627712C92007243E3 /* BaseNavigationController.swift */; };
		6974DBAA27713027007243E3 /* RoomCell.swift in Sources */ = {isa = PBXBuildFile; fileRef = 6974DBA827713027007243E3 /* RoomCell.swift */; };
		6974DBAB27713027007243E3 /* RoomCell.xib in Resources */ = {isa = PBXBuildFile; fileRef = 6974DBA927713027007243E3 /* RoomCell.xib */; };
		6974DBAD27713661007243E3 /* RoomListDataSource.swift in Sources */ = {isa = PBXBuildFile; fileRef = 6974DBAC27713661007243E3 /* RoomListDataSource.swift */; };
		6974DBAF27713960007243E3 /* NSObject+Extension.swift in Sources */ = {isa = PBXBuildFile; fileRef = 6974DBAE27713960007243E3 /* NSObject+Extension.swift */; };
		6974DBB427723E42007243E3 /* ResetPasswordViewController.swift in Sources */ = {isa = PBXBuildFile; fileRef = 6974DBB227723E42007243E3 /* ResetPasswordViewController.swift */; };
		6974DBB527723E42007243E3 /* ResetPasswordViewController.xib in Resources */ = {isa = PBXBuildFile; fileRef = 6974DBB327723E42007243E3 /* ResetPasswordViewController.xib */; };
		698F7CF6273D93A5002DDFDB /* AppDelegate.swift in Sources */ = {isa = PBXBuildFile; fileRef = 698F7CF5273D93A5002DDFDB /* AppDelegate.swift */; };
		698F7CF8273D93A5002DDFDB /* SceneDelegate.swift in Sources */ = {isa = PBXBuildFile; fileRef = 698F7CF7273D93A5002DDFDB /* SceneDelegate.swift */; };
		698F7CFF273D93A6002DDFDB /* Assets.xcassets in Resources */ = {isa = PBXBuildFile; fileRef = 698F7CFE273D93A6002DDFDB /* Assets.xcassets */; };
		698F7D02273D93A6002DDFDB /* LaunchScreen.storyboard in Resources */ = {isa = PBXBuildFile; fileRef = 698F7D00273D93A6002DDFDB /* LaunchScreen.storyboard */; };
		69B447E227776CD300CAD51C /* RoomsApiService.swift in Sources */ = {isa = PBXBuildFile; fileRef = 69B447E127776CD300CAD51C /* RoomsApiService.swift */; };
		69B447E42777845700CAD51C /* SocketService.swift in Sources */ = {isa = PBXBuildFile; fileRef = 69B447E32777845700CAD51C /* SocketService.swift */; };
		69B447E72777897600CAD51C /* Message.swift in Sources */ = {isa = PBXBuildFile; fileRef = 69B447E62777897600CAD51C /* Message.swift */; };
		69B447E92777A37400CAD51C /* GetAllMessages.swift in Sources */ = {isa = PBXBuildFile; fileRef = 69B447E82777A37400CAD51C /* GetAllMessages.swift */; };
		69B447EB2777B92C00CAD51C /* SendMessage.swift in Sources */ = {isa = PBXBuildFile; fileRef = 69B447EA2777B92C00CAD51C /* SendMessage.swift */; };
		69B447EF2778505700CAD51C /* MessageValidator.swift in Sources */ = {isa = PBXBuildFile; fileRef = 69B447EE2778505700CAD51C /* MessageValidator.swift */; };
		69C93D5A277252230004F6CF /* RoomMessageListDataSource.swift in Sources */ = {isa = PBXBuildFile; fileRef = 69C93D59277252230004F6CF /* RoomMessageListDataSource.swift */; };
		69C93D65277254280004F6CF /* RoomMessageCell.swift in Sources */ = {isa = PBXBuildFile; fileRef = 69C93D63277254280004F6CF /* RoomMessageCell.swift */; };
		69C93D66277254280004F6CF /* RoomMessageCell.xib in Resources */ = {isa = PBXBuildFile; fileRef = 69C93D64277254280004F6CF /* RoomMessageCell.xib */; };
		69C93D692772545B0004F6CF /* OwnRoomMessageCell.swift in Sources */ = {isa = PBXBuildFile; fileRef = 69C93D672772545B0004F6CF /* OwnRoomMessageCell.swift */; };
		69C93D6A2772545B0004F6CF /* OwnRoomMessageCell.xib in Resources */ = {isa = PBXBuildFile; fileRef = 69C93D682772545B0004F6CF /* OwnRoomMessageCell.xib */; };
		69CAA80D273D9BD5007C3D23 /* RoomListViewController.swift in Sources */ = {isa = PBXBuildFile; fileRef = 69CAA80B273D9BD5007C3D23 /* RoomListViewController.swift */; };
		69CAA80E273D9BD5007C3D23 /* RoomListViewController.xib in Resources */ = {isa = PBXBuildFile; fileRef = 69CAA80C273D9BD5007C3D23 /* RoomListViewController.xib */; };
		69CAA811273D9BFC007C3D23 /* RoomViewController.swift in Sources */ = {isa = PBXBuildFile; fileRef = 69CAA80F273D9BFC007C3D23 /* RoomViewController.swift */; };
		69CAA812273D9BFC007C3D23 /* RoomViewController.xib in Resources */ = {isa = PBXBuildFile; fileRef = 69CAA810273D9BFC007C3D23 /* RoomViewController.xib */; };
		69CAA815273D9C25007C3D23 /* RegisterViewController.swift in Sources */ = {isa = PBXBuildFile; fileRef = 69CAA813273D9C25007C3D23 /* RegisterViewController.swift */; };
		69CAA816273D9C25007C3D23 /* RegisterViewController.xib in Resources */ = {isa = PBXBuildFile; fileRef = 69CAA814273D9C25007C3D23 /* RegisterViewController.xib */; };
		69CAA819273D9C37007C3D23 /* LoginViewController.swift in Sources */ = {isa = PBXBuildFile; fileRef = 69CAA817273D9C37007C3D23 /* LoginViewController.swift */; };
		69CAA81A273D9C37007C3D23 /* LoginViewController.xib in Resources */ = {isa = PBXBuildFile; fileRef = 69CAA818273D9C37007C3D23 /* LoginViewController.xib */; };
		80EB3F1D81FB6379E3A81CB7 /* Pods_Telegram_2_0.framework in Frameworks */ = {isa = PBXBuildFile; fileRef = DFCEB0EE6088F46D6B94DEBF /* Pods_Telegram_2_0.framework */; };
/* End PBXBuildFile section */

/* Begin PBXFileReference section */
		091670E604578802A36F04A7 /* Pods-Telegram 2.0Tests.debug.xcconfig */ = {isa = PBXFileReference; includeInIndex = 1; lastKnownFileType = text.xcconfig; name = "Pods-Telegram 2.0Tests.debug.xcconfig"; path = "Target Support Files/Pods-Telegram 2.0Tests/Pods-Telegram 2.0Tests.debug.xcconfig"; sourceTree = "<group>"; };
		3C0B7FB51E23FA92B7CBCC4C /* Pods-Telegram 2.0.release.xcconfig */ = {isa = PBXFileReference; includeInIndex = 1; lastKnownFileType = text.xcconfig; name = "Pods-Telegram 2.0.release.xcconfig"; path = "Target Support Files/Pods-Telegram 2.0/Pods-Telegram 2.0.release.xcconfig"; sourceTree = "<group>"; };
		3EA70D5DA8AD2016DA821EE2 /* Pods-Telegram 2.0Tests.release.xcconfig */ = {isa = PBXFileReference; includeInIndex = 1; lastKnownFileType = text.xcconfig; name = "Pods-Telegram 2.0Tests.release.xcconfig"; path = "Target Support Files/Pods-Telegram 2.0Tests/Pods-Telegram 2.0Tests.release.xcconfig"; sourceTree = "<group>"; };
		40FDACF120535C9E9BF3103A /* Pods_Telegram_2_0_Telegram_2_0UITests.framework */ = {isa = PBXFileReference; explicitFileType = wrapper.framework; includeInIndex = 0; path = Pods_Telegram_2_0_Telegram_2_0UITests.framework; sourceTree = BUILT_PRODUCTS_DIR; };
		56DB709827788FEC001A389C /* DefaultButton.swift */ = {isa = PBXFileReference; lastKnownFileType = sourcecode.swift; path = DefaultButton.swift; sourceTree = "<group>"; };
		690823902772679B000B3943 /* GrowingTextView+Extension.swift */ = {isa = PBXFileReference; lastKnownFileType = sourcecode.swift; path = "GrowingTextView+Extension.swift"; sourceTree = "<group>"; };
		690FD7D1277530AA0031F846 /* RedirectManager.swift */ = {isa = PBXFileReference; lastKnownFileType = sourcecode.swift; path = RedirectManager.swift; sourceTree = "<group>"; };
		690FD7D3277533C30031F846 /* URL+Extension.swift */ = {isa = PBXFileReference; lastKnownFileType = sourcecode.swift; path = "URL+Extension.swift"; sourceTree = "<group>"; };
		690FD7D627753BFC0031F846 /* ToastView.swift */ = {isa = PBXFileReference; fileEncoding = 4; lastKnownFileType = sourcecode.swift; path = ToastView.swift; sourceTree = "<group>"; };
		690FD7D727753BFC0031F846 /* ToastView.xib */ = {isa = PBXFileReference; fileEncoding = 4; lastKnownFileType = file.xib; path = ToastView.xib; sourceTree = "<group>"; };
		690FD7DA27753C180031F846 /* LoadingNib.swift */ = {isa = PBXFileReference; lastKnownFileType = sourcecode.swift; path = LoadingNib.swift; sourceTree = "<group>"; };
		690FD7DC27753E620031F846 /* UIViewController+Extension.swift */ = {isa = PBXFileReference; lastKnownFileType = sourcecode.swift; path = "UIViewController+Extension.swift"; sourceTree = "<group>"; };
		690FD7DF2775436D0031F846 /* EmailValidator.swift */ = {isa = PBXFileReference; fileEncoding = 4; lastKnownFileType = sourcecode.swift; path = EmailValidator.swift; sourceTree = "<group>"; };
		690FD7E02775436D0031F846 /* VaildatorFactory.swift */ = {isa = PBXFileReference; fileEncoding = 4; lastKnownFileType = sourcecode.swift; path = VaildatorFactory.swift; sourceTree = "<group>"; };
		690FD7E12775436D0031F846 /* ValidationError.swift */ = {isa = PBXFileReference; fileEncoding = 4; lastKnownFileType = sourcecode.swift; path = ValidationError.swift; sourceTree = "<group>"; };
		690FD7E22775436D0031F846 /* PasswordValidator.swift */ = {isa = PBXFileReference; fileEncoding = 4; lastKnownFileType = sourcecode.swift; path = PasswordValidator.swift; sourceTree = "<group>"; };
		690FD7E32775436D0031F846 /* UserNameValidator.swift */ = {isa = PBXFileReference; fileEncoding = 4; lastKnownFileType = sourcecode.swift; path = UserNameValidator.swift; sourceTree = "<group>"; };
		690FD7E9277543950031F846 /* String+Extension.swift */ = {isa = PBXFileReference; lastKnownFileType = sourcecode.swift; path = "String+Extension.swift"; sourceTree = "<group>"; };
		690FD7EB277543E20031F846 /* UITextField+Extension.swift */ = {isa = PBXFileReference; lastKnownFileType = sourcecode.swift; path = "UITextField+Extension.swift"; sourceTree = "<group>"; };
		690FD7ED27754A0F0031F846 /* UIColor+Extension.swift */ = {isa = PBXFileReference; lastKnownFileType = sourcecode.swift; path = "UIColor+Extension.swift"; sourceTree = "<group>"; };
		6971083827750503004537A4 /* AuthorizationApi.swift */ = {isa = PBXFileReference; lastKnownFileType = sourcecode.swift; path = AuthorizationApi.swift; sourceTree = "<group>"; };
		6971083A27750649004537A4 /* Constants.swift */ = {isa = PBXFileReference; lastKnownFileType = sourcecode.swift; path = Constants.swift; sourceTree = "<group>"; };
		6971083C27750823004537A4 /* AuthorizationApiService.swift */ = {isa = PBXFileReference; lastKnownFileType = sourcecode.swift; path = AuthorizationApiService.swift; sourceTree = "<group>"; };
		6971083E27750963004537A4 /* BaseApiService.swift */ = {isa = PBXFileReference; lastKnownFileType = sourcecode.swift; path = BaseApiService.swift; sourceTree = "<group>"; };
		6971084327750BC5004537A4 /* AuthorizationRequest.swift */ = {isa = PBXFileReference; lastKnownFileType = sourcecode.swift; path = AuthorizationRequest.swift; sourceTree = "<group>"; };
		6971084527750BF0004537A4 /* ConfirmResetPasswordRequest.swift */ = {isa = PBXFileReference; lastKnownFileType = sourcecode.swift; path = ConfirmResetPasswordRequest.swift; sourceTree = "<group>"; };
		6971084827750F6C004537A4 /* RoomsApi.swift */ = {isa = PBXFileReference; lastKnownFileType = sourcecode.swift; path = RoomsApi.swift; sourceTree = "<group>"; };
		6971084A277510BF004537A4 /* RoomsRequest.swift */ = {isa = PBXFileReference; lastKnownFileType = sourcecode.swift; path = RoomsRequest.swift; sourceTree = "<group>"; };
		6971084E27751365004537A4 /* CreateRoomRequest.swift */ = {isa = PBXFileReference; lastKnownFileType = sourcecode.swift; path = CreateRoomRequest.swift; sourceTree = "<group>"; };
		6971085127751A54004537A4 /* User.swift */ = {isa = PBXFileReference; lastKnownFileType = sourcecode.swift; path = User.swift; sourceTree = "<group>"; };
		6971085327751D44004537A4 /* JoinRoomResponse.swift */ = {isa = PBXFileReference; lastKnownFileType = sourcecode.swift; path = JoinRoomResponse.swift; sourceTree = "<group>"; };
		6971085527751ED7004537A4 /* Room.swift */ = {isa = PBXFileReference; lastKnownFileType = sourcecode.swift; path = Room.swift; sourceTree = "<group>"; };
		6974DB892770F73D007243E3 /* AppManager.swift */ = {isa = PBXFileReference; lastKnownFileType = sourcecode.swift; path = AppManager.swift; sourceTree = "<group>"; };
		6974DB8C2770F996007243E3 /* AppInfo.swift */ = {isa = PBXFileReference; lastKnownFileType = sourcecode.swift; path = AppInfo.swift; sourceTree = "<group>"; };
		6974DB8F27711DF2007243E3 /* BaseController.swift */ = {isa = PBXFileReference; lastKnownFileType = sourcecode.swift; path = BaseController.swift; sourceTree = "<group>"; };
		6974DB9527712294007243E3 /* en */ = {isa = PBXFileReference; lastKnownFileType = text.plist.strings; name = en; path = en.lproj/Localizable.strings; sourceTree = "<group>"; };
		6974DB9927712352007243E3 /* uk */ = {isa = PBXFileReference; lastKnownFileType = text.plist.strings; name = uk; path = uk.lproj/Localizable.strings; sourceTree = "<group>"; };
		6974DBA227712816007243E3 /* UITableView+Extension.swift */ = {isa = PBXFileReference; lastKnownFileType = sourcecode.swift; path = "UITableView+Extension.swift"; sourceTree = "<group>"; };
		6974DBA4277128E5007243E3 /* UIView+Extension.swift */ = {isa = PBXFileReference; lastKnownFileType = sourcecode.swift; path = "UIView+Extension.swift"; sourceTree = "<group>"; };
		6974DBA627712C92007243E3 /* BaseNavigationController.swift */ = {isa = PBXFileReference; lastKnownFileType = sourcecode.swift; path = BaseNavigationController.swift; sourceTree = "<group>"; };
		6974DBA827713027007243E3 /* RoomCell.swift */ = {isa = PBXFileReference; lastKnownFileType = sourcecode.swift; path = RoomCell.swift; sourceTree = "<group>"; };
		6974DBA927713027007243E3 /* RoomCell.xib */ = {isa = PBXFileReference; lastKnownFileType = file.xib; path = RoomCell.xib; sourceTree = "<group>"; };
		6974DBAC27713661007243E3 /* RoomListDataSource.swift */ = {isa = PBXFileReference; lastKnownFileType = sourcecode.swift; path = RoomListDataSource.swift; sourceTree = "<group>"; };
		6974DBAE27713960007243E3 /* NSObject+Extension.swift */ = {isa = PBXFileReference; lastKnownFileType = sourcecode.swift; path = "NSObject+Extension.swift"; sourceTree = "<group>"; };
		6974DBB227723E42007243E3 /* ResetPasswordViewController.swift */ = {isa = PBXFileReference; fileEncoding = 4; lastKnownFileType = sourcecode.swift; path = ResetPasswordViewController.swift; sourceTree = "<group>"; };
		6974DBB327723E42007243E3 /* ResetPasswordViewController.xib */ = {isa = PBXFileReference; fileEncoding = 4; lastKnownFileType = file.xib; path = ResetPasswordViewController.xib; sourceTree = "<group>"; };
		698F7CF2273D93A5002DDFDB /* Telegram 2.0.app */ = {isa = PBXFileReference; explicitFileType = wrapper.application; includeInIndex = 0; path = "Telegram 2.0.app"; sourceTree = BUILT_PRODUCTS_DIR; };
		698F7CF5273D93A5002DDFDB /* AppDelegate.swift */ = {isa = PBXFileReference; lastKnownFileType = sourcecode.swift; path = AppDelegate.swift; sourceTree = "<group>"; };
		698F7CF7273D93A5002DDFDB /* SceneDelegate.swift */ = {isa = PBXFileReference; lastKnownFileType = sourcecode.swift; path = SceneDelegate.swift; sourceTree = "<group>"; };
		698F7CFE273D93A6002DDFDB /* Assets.xcassets */ = {isa = PBXFileReference; lastKnownFileType = folder.assetcatalog; path = Assets.xcassets; sourceTree = "<group>"; };
		698F7D01273D93A6002DDFDB /* Base */ = {isa = PBXFileReference; lastKnownFileType = file.storyboard; name = Base; path = Base.lproj/LaunchScreen.storyboard; sourceTree = "<group>"; };
		698F7D03273D93A6002DDFDB /* Info.plist */ = {isa = PBXFileReference; lastKnownFileType = text.plist.xml; path = Info.plist; sourceTree = "<group>"; };
		69B447E127776CD300CAD51C /* RoomsApiService.swift */ = {isa = PBXFileReference; lastKnownFileType = sourcecode.swift; path = RoomsApiService.swift; sourceTree = "<group>"; };
		69B447E32777845700CAD51C /* SocketService.swift */ = {isa = PBXFileReference; lastKnownFileType = sourcecode.swift; path = SocketService.swift; sourceTree = "<group>"; };
		69B447E62777897600CAD51C /* Message.swift */ = {isa = PBXFileReference; lastKnownFileType = sourcecode.swift; path = Message.swift; sourceTree = "<group>"; };
		69B447E82777A37400CAD51C /* GetAllMessages.swift */ = {isa = PBXFileReference; lastKnownFileType = sourcecode.swift; path = GetAllMessages.swift; sourceTree = "<group>"; };
		69B447EA2777B92C00CAD51C /* SendMessage.swift */ = {isa = PBXFileReference; lastKnownFileType = sourcecode.swift; path = SendMessage.swift; sourceTree = "<group>"; };
		69B447EE2778505700CAD51C /* MessageValidator.swift */ = {isa = PBXFileReference; lastKnownFileType = sourcecode.swift; path = MessageValidator.swift; sourceTree = "<group>"; };
		69C93D59277252230004F6CF /* RoomMessageListDataSource.swift */ = {isa = PBXFileReference; lastKnownFileType = sourcecode.swift; path = RoomMessageListDataSource.swift; sourceTree = "<group>"; };
		69C93D63277254280004F6CF /* RoomMessageCell.swift */ = {isa = PBXFileReference; lastKnownFileType = sourcecode.swift; path = RoomMessageCell.swift; sourceTree = "<group>"; };
		69C93D64277254280004F6CF /* RoomMessageCell.xib */ = {isa = PBXFileReference; lastKnownFileType = file.xib; path = RoomMessageCell.xib; sourceTree = "<group>"; };
		69C93D672772545B0004F6CF /* OwnRoomMessageCell.swift */ = {isa = PBXFileReference; lastKnownFileType = sourcecode.swift; path = OwnRoomMessageCell.swift; sourceTree = "<group>"; };
		69C93D682772545B0004F6CF /* OwnRoomMessageCell.xib */ = {isa = PBXFileReference; lastKnownFileType = file.xib; path = OwnRoomMessageCell.xib; sourceTree = "<group>"; };
		69CAA80B273D9BD5007C3D23 /* RoomListViewController.swift */ = {isa = PBXFileReference; lastKnownFileType = sourcecode.swift; path = RoomListViewController.swift; sourceTree = "<group>"; };
		69CAA80C273D9BD5007C3D23 /* RoomListViewController.xib */ = {isa = PBXFileReference; lastKnownFileType = file.xib; path = RoomListViewController.xib; sourceTree = "<group>"; };
		69CAA80F273D9BFC007C3D23 /* RoomViewController.swift */ = {isa = PBXFileReference; lastKnownFileType = sourcecode.swift; path = RoomViewController.swift; sourceTree = "<group>"; };
		69CAA810273D9BFC007C3D23 /* RoomViewController.xib */ = {isa = PBXFileReference; lastKnownFileType = file.xib; path = RoomViewController.xib; sourceTree = "<group>"; };
		69CAA813273D9C25007C3D23 /* RegisterViewController.swift */ = {isa = PBXFileReference; lastKnownFileType = sourcecode.swift; path = RegisterViewController.swift; sourceTree = "<group>"; };
		69CAA814273D9C25007C3D23 /* RegisterViewController.xib */ = {isa = PBXFileReference; lastKnownFileType = file.xib; path = RegisterViewController.xib; sourceTree = "<group>"; };
		69CAA817273D9C37007C3D23 /* LoginViewController.swift */ = {isa = PBXFileReference; lastKnownFileType = sourcecode.swift; path = LoginViewController.swift; sourceTree = "<group>"; };
		69CAA818273D9C37007C3D23 /* LoginViewController.xib */ = {isa = PBXFileReference; lastKnownFileType = file.xib; path = LoginViewController.xib; sourceTree = "<group>"; };
		6E9AA6C19879CC6F1BE3FD15 /* Pods-Telegram 2.0-Telegram 2.0UITests.debug.xcconfig */ = {isa = PBXFileReference; includeInIndex = 1; lastKnownFileType = text.xcconfig; name = "Pods-Telegram 2.0-Telegram 2.0UITests.debug.xcconfig"; path = "Target Support Files/Pods-Telegram 2.0-Telegram 2.0UITests/Pods-Telegram 2.0-Telegram 2.0UITests.debug.xcconfig"; sourceTree = "<group>"; };
		C5924FDD4E9885559BEF293C /* Pods-Telegram 2.0.debug.xcconfig */ = {isa = PBXFileReference; includeInIndex = 1; lastKnownFileType = text.xcconfig; name = "Pods-Telegram 2.0.debug.xcconfig"; path = "Target Support Files/Pods-Telegram 2.0/Pods-Telegram 2.0.debug.xcconfig"; sourceTree = "<group>"; };
		CCE6B7A05A0E32C92D782304 /* Pods_Telegram_2_0Tests.framework */ = {isa = PBXFileReference; explicitFileType = wrapper.framework; includeInIndex = 0; path = Pods_Telegram_2_0Tests.framework; sourceTree = BUILT_PRODUCTS_DIR; };
		D8162990948C3D4311D0C5A8 /* Pods-Telegram 2.0-Telegram 2.0UITests.release.xcconfig */ = {isa = PBXFileReference; includeInIndex = 1; lastKnownFileType = text.xcconfig; name = "Pods-Telegram 2.0-Telegram 2.0UITests.release.xcconfig"; path = "Target Support Files/Pods-Telegram 2.0-Telegram 2.0UITests/Pods-Telegram 2.0-Telegram 2.0UITests.release.xcconfig"; sourceTree = "<group>"; };
		DFCEB0EE6088F46D6B94DEBF /* Pods_Telegram_2_0.framework */ = {isa = PBXFileReference; explicitFileType = wrapper.framework; includeInIndex = 0; path = Pods_Telegram_2_0.framework; sourceTree = BUILT_PRODUCTS_DIR; };
/* End PBXFileReference section */

/* Begin PBXFrameworksBuildPhase section */
		698F7CEF273D93A5002DDFDB /* Frameworks */ = {
			isa = PBXFrameworksBuildPhase;
			buildActionMask = 2147483647;
			files = (
				80EB3F1D81FB6379E3A81CB7 /* Pods_Telegram_2_0.framework in Frameworks */,
			);
			runOnlyForDeploymentPostprocessing = 0;
		};
/* End PBXFrameworksBuildPhase section */

/* Begin PBXGroup section */
		56DB709727788F7F001A389C /* LoadingButton */ = {
			isa = PBXGroup;
			children = (
				56DB709827788FEC001A389C /* DefaultButton.swift */,
			);
			path = LoadingButton;
			sourceTree = "<group>";
		};
		690FD7D527753BEC0031F846 /* Toast */ = {
			isa = PBXGroup;
			children = (
				690FD7D627753BFC0031F846 /* ToastView.swift */,
				690FD7D727753BFC0031F846 /* ToastView.xib */,
			);
			path = Toast;
			sourceTree = "<group>";
		};
		690FD7DE277543530031F846 /* Validation */ = {
			isa = PBXGroup;
			children = (
				690FD7DF2775436D0031F846 /* EmailValidator.swift */,
				690FD7E22775436D0031F846 /* PasswordValidator.swift */,
				690FD7E32775436D0031F846 /* UserNameValidator.swift */,
				690FD7E02775436D0031F846 /* VaildatorFactory.swift */,
				69B447EE2778505700CAD51C /* MessageValidator.swift */,
				690FD7E12775436D0031F846 /* ValidationError.swift */,
			);
			path = Validation;
			sourceTree = "<group>";
		};
		697108372775049C004537A4 /* Network */ = {
			isa = PBXGroup;
			children = (
				6971084127750A4E004537A4 /* Api */,
				6971084227750A5B004537A4 /* Socket */,
			);
			path = Network;
			sourceTree = "<group>";
		};
		6971084027750A44004537A4 /* Authorization */ = {
			isa = PBXGroup;
			children = (
				6971083827750503004537A4 /* AuthorizationApi.swift */,
				6971083C27750823004537A4 /* AuthorizationApiService.swift */,
			);
			path = Authorization;
			sourceTree = "<group>";
		};
		6971084127750A4E004537A4 /* Api */ = {
			isa = PBXGroup;
			children = (
				6971084727750F4F004537A4 /* Rooms */,
				6971084027750A44004537A4 /* Authorization */,
			);
			path = Api;
			sourceTree = "<group>";
		};
		6971084227750A5B004537A4 /* Socket */ = {
			isa = PBXGroup;
			children = (
				69B447E32777845700CAD51C /* SocketService.swift */,
			);
			path = Socket;
			sourceTree = "<group>";
		};
		6971084727750F4F004537A4 /* Rooms */ = {
			isa = PBXGroup;
			children = (
				6971084827750F6C004537A4 /* RoomsApi.swift */,
				69B447E127776CD300CAD51C /* RoomsApiService.swift */,
			);
			path = Rooms;
			sourceTree = "<group>";
		};
		6971084C277511CE004537A4 /* Authorization */ = {
			isa = PBXGroup;
			children = (
				6971084327750BC5004537A4 /* AuthorizationRequest.swift */,
				6971084527750BF0004537A4 /* ConfirmResetPasswordRequest.swift */,
			);
			path = Authorization;
			sourceTree = "<group>";
		};
		6971084D277511DC004537A4 /* Rooms */ = {
			isa = PBXGroup;
			children = (
				6971084A277510BF004537A4 /* RoomsRequest.swift */,
				6971084E27751365004537A4 /* CreateRoomRequest.swift */,
			);
			path = Rooms;
			sourceTree = "<group>";
		};
		6974DB882770F662007243E3 /* Managers */ = {
			isa = PBXGroup;
			children = (
				6974DB892770F73D007243E3 /* AppManager.swift */,
				690FD7D1277530AA0031F846 /* RedirectManager.swift */,
			);
			path = Managers;
			sourceTree = "<group>";
		};
		6974DB8B2770F97B007243E3 /* Storage */ = {
			isa = PBXGroup;
			children = (
				6974DB8C2770F996007243E3 /* AppInfo.swift */,
				6971083A27750649004537A4 /* Constants.swift */,
			);
			path = Storage;
			sourceTree = "<group>";
		};
		6974DB8E27711DC3007243E3 /* Base */ = {
			isa = PBXGroup;
			children = (
				690FD7DE277543530031F846 /* Validation */,
				6974DB8F27711DF2007243E3 /* BaseController.swift */,
				6974DBA627712C92007243E3 /* BaseNavigationController.swift */,
				690FD7DA27753C180031F846 /* LoadingNib.swift */,
				6971083E27750963004537A4 /* BaseApiService.swift */,
			);
			path = Base;
			sourceTree = "<group>";
		};
		6974DB9127712167007243E3 /* Localization */ = {
			isa = PBXGroup;
			children = (
				6974DB9627712294007243E3 /* Localizable.strings */,
			);
			path = Localization;
			sourceTree = "<group>";
		};
		6974DB9A277126EA007243E3 /* Components */ = {
			isa = PBXGroup;
			children = (
				6974DBA1277127D3007243E3 /* Views */,
				6974DBA0277127C4007243E3 /* Cells */,
			);
			path = Components;
			sourceTree = "<group>";
		};
		6974DB9B27712700007243E3 /* Entities */ = {
			isa = PBXGroup;
			children = (
				69B447E52777895800CAD51C /* Socket */,
				6974DB9E27712754007243E3 /* App */,
				6974DB9C2771273B007243E3 /* Request */,
				6974DB9D27712744007243E3 /* Response */,
			);
			path = Entities;
			sourceTree = "<group>";
		};
		6974DB9C2771273B007243E3 /* Request */ = {
			isa = PBXGroup;
			children = (
				6971084D277511DC004537A4 /* Rooms */,
				6971084C277511CE004537A4 /* Authorization */,
			);
			path = Request;
			sourceTree = "<group>";
		};
		6974DB9D27712744007243E3 /* Response */ = {
			isa = PBXGroup;
			children = (
				6971085127751A54004537A4 /* User.swift */,
				6971085327751D44004537A4 /* JoinRoomResponse.swift */,
				6971085527751ED7004537A4 /* Room.swift */,
			);
			path = Response;
			sourceTree = "<group>";
		};
		6974DB9E27712754007243E3 /* App */ = {
			isa = PBXGroup;
			children = (
			);
			path = App;
			sourceTree = "<group>";
		};
		6974DB9F27712793007243E3 /* Extensions */ = {
			isa = PBXGroup;
			children = (
				6974DBA227712816007243E3 /* UITableView+Extension.swift */,
				6974DBA4277128E5007243E3 /* UIView+Extension.swift */,
				6974DBAE27713960007243E3 /* NSObject+Extension.swift */,
				690FD7EB277543E20031F846 /* UITextField+Extension.swift */,
				690FD7DC27753E620031F846 /* UIViewController+Extension.swift */,
				690823902772679B000B3943 /* GrowingTextView+Extension.swift */,
				690FD7D3277533C30031F846 /* URL+Extension.swift */,
				690FD7ED27754A0F0031F846 /* UIColor+Extension.swift */,
				690FD7E9277543950031F846 /* String+Extension.swift */,
			);
			path = Extensions;
			sourceTree = "<group>";
		};
		6974DBA0277127C4007243E3 /* Cells */ = {
			isa = PBXGroup;
			children = (
				69C93D60277252AA0004F6CF /* Rooms */,
				69C93D5F2772529D0004F6CF /* Messages */,
			);
			path = Cells;
			sourceTree = "<group>";
		};
		6974DBA1277127D3007243E3 /* Views */ = {
			isa = PBXGroup;
			children = (
				56DB709727788F7F001A389C /* LoadingButton */,
				690FD7D527753BEC0031F846 /* Toast */,
			);
			path = Views;
			sourceTree = "<group>";
		};
		6974DBB127723E25007243E3 /* ResetPassword */ = {
			isa = PBXGroup;
			children = (
				6974DBB227723E42007243E3 /* ResetPasswordViewController.swift */,
				6974DBB327723E42007243E3 /* ResetPasswordViewController.xib */,
			);
			path = ResetPassword;
			sourceTree = "<group>";
		};
		698F7CE9273D93A5002DDFDB = {
			isa = PBXGroup;
			children = (
				698F7CF4273D93A5002DDFDB /* Telegram 2.0 */,
				698F7CF3273D93A5002DDFDB /* Products */,
				904E28B7CE317B4EC1D0D3FC /* Pods */,
				A84FFC84EE50BC417846562A /* Frameworks */,
			);
			sourceTree = "<group>";
		};
		698F7CF3273D93A5002DDFDB /* Products */ = {
			isa = PBXGroup;
			children = (
				698F7CF2273D93A5002DDFDB /* Telegram 2.0.app */,
			);
			name = Products;
			sourceTree = "<group>";
		};
		698F7CF4273D93A5002DDFDB /* Telegram 2.0 */ = {
			isa = PBXGroup;
			children = (
				6974DB8E27711DC3007243E3 /* Base */,
				6974DB8B2770F97B007243E3 /* Storage */,
				697108372775049C004537A4 /* Network */,
				6974DB882770F662007243E3 /* Managers */,
				69CAA806273D9A77007C3D23 /* UI */,
				6974DB9B27712700007243E3 /* Entities */,
				6974DB9A277126EA007243E3 /* Components */,
				6974DB9F27712793007243E3 /* Extensions */,
				6974DB9127712167007243E3 /* Localization */,
				698F7CF5273D93A5002DDFDB /* AppDelegate.swift */,
				698F7CF7273D93A5002DDFDB /* SceneDelegate.swift */,
				698F7CFE273D93A6002DDFDB /* Assets.xcassets */,
				698F7D00273D93A6002DDFDB /* LaunchScreen.storyboard */,
				698F7D03273D93A6002DDFDB /* Info.plist */,
			);
			path = "Telegram 2.0";
			sourceTree = "<group>";
		};
		69B447E52777895800CAD51C /* Socket */ = {
			isa = PBXGroup;
			children = (
				69B447E62777897600CAD51C /* Message.swift */,
				69B447E82777A37400CAD51C /* GetAllMessages.swift */,
				69B447EA2777B92C00CAD51C /* SendMessage.swift */,
			);
			path = Socket;
			sourceTree = "<group>";
		};
		69C93D5F2772529D0004F6CF /* Messages */ = {
			isa = PBXGroup;
			children = (
				69C93D63277254280004F6CF /* RoomMessageCell.swift */,
				69C93D64277254280004F6CF /* RoomMessageCell.xib */,
				69C93D672772545B0004F6CF /* OwnRoomMessageCell.swift */,
				69C93D682772545B0004F6CF /* OwnRoomMessageCell.xib */,
			);
			path = Messages;
			sourceTree = "<group>";
		};
		69C93D60277252AA0004F6CF /* Rooms */ = {
			isa = PBXGroup;
			children = (
				6974DBA827713027007243E3 /* RoomCell.swift */,
				6974DBA927713027007243E3 /* RoomCell.xib */,
			);
			path = Rooms;
			sourceTree = "<group>";
		};
		69CAA806273D9A77007C3D23 /* UI */ = {
			isa = PBXGroup;
			children = (
				6974DBB127723E25007243E3 /* ResetPassword */,
				69CAA80A273D9B4B007C3D23 /* Room */,
				69CAA809273D9B12007C3D23 /* RoomList */,
				69CAA808273D9B04007C3D23 /* Register */,
				69CAA807273D9AA0007C3D23 /* Login */,
			);
			path = UI;
			sourceTree = "<group>";
		};
		69CAA807273D9AA0007C3D23 /* Login */ = {
			isa = PBXGroup;
			children = (
				69CAA817273D9C37007C3D23 /* LoginViewController.swift */,
				69CAA818273D9C37007C3D23 /* LoginViewController.xib */,
			);
			path = Login;
			sourceTree = "<group>";
		};
		69CAA808273D9B04007C3D23 /* Register */ = {
			isa = PBXGroup;
			children = (
				69CAA813273D9C25007C3D23 /* RegisterViewController.swift */,
				69CAA814273D9C25007C3D23 /* RegisterViewController.xib */,
			);
			path = Register;
			sourceTree = "<group>";
		};
		69CAA809273D9B12007C3D23 /* RoomList */ = {
			isa = PBXGroup;
			children = (
				69CAA80B273D9BD5007C3D23 /* RoomListViewController.swift */,
				69CAA80C273D9BD5007C3D23 /* RoomListViewController.xib */,
				6974DBAC27713661007243E3 /* RoomListDataSource.swift */,
			);
			path = RoomList;
			sourceTree = "<group>";
		};
		69CAA80A273D9B4B007C3D23 /* Room */ = {
			isa = PBXGroup;
			children = (
				69CAA80F273D9BFC007C3D23 /* RoomViewController.swift */,
				69CAA810273D9BFC007C3D23 /* RoomViewController.xib */,
				69C93D59277252230004F6CF /* RoomMessageListDataSource.swift */,
			);
			path = Room;
			sourceTree = "<group>";
		};
		904E28B7CE317B4EC1D0D3FC /* Pods */ = {
			isa = PBXGroup;
			children = (
				C5924FDD4E9885559BEF293C /* Pods-Telegram 2.0.debug.xcconfig */,
				3C0B7FB51E23FA92B7CBCC4C /* Pods-Telegram 2.0.release.xcconfig */,
				6E9AA6C19879CC6F1BE3FD15 /* Pods-Telegram 2.0-Telegram 2.0UITests.debug.xcconfig */,
				D8162990948C3D4311D0C5A8 /* Pods-Telegram 2.0-Telegram 2.0UITests.release.xcconfig */,
				091670E604578802A36F04A7 /* Pods-Telegram 2.0Tests.debug.xcconfig */,
				3EA70D5DA8AD2016DA821EE2 /* Pods-Telegram 2.0Tests.release.xcconfig */,
			);
			path = Pods;
			sourceTree = "<group>";
		};
		A84FFC84EE50BC417846562A /* Frameworks */ = {
			isa = PBXGroup;
			children = (
				DFCEB0EE6088F46D6B94DEBF /* Pods_Telegram_2_0.framework */,
				40FDACF120535C9E9BF3103A /* Pods_Telegram_2_0_Telegram_2_0UITests.framework */,
				CCE6B7A05A0E32C92D782304 /* Pods_Telegram_2_0Tests.framework */,
			);
			name = Frameworks;
			sourceTree = "<group>";
		};
/* End PBXGroup section */

/* Begin PBXNativeTarget section */
		698F7CF1273D93A5002DDFDB /* Telegram 2.0 */ = {
			isa = PBXNativeTarget;
			buildConfigurationList = 698F7D1C273D93A6002DDFDB /* Build configuration list for PBXNativeTarget "Telegram 2.0" */;
			buildPhases = (
				BC4AC7E64D227D853803B795 /* [CP] Check Pods Manifest.lock */,
				698F7CEE273D93A5002DDFDB /* Sources */,
				698F7CEF273D93A5002DDFDB /* Frameworks */,
				698F7CF0273D93A5002DDFDB /* Resources */,
				C900B96230B59569A426C144 /* [CP] Embed Pods Frameworks */,
			);
			buildRules = (
			);
			dependencies = (
			);
			name = "Telegram 2.0";
			productName = "Telegram 2.0";
			productReference = 698F7CF2273D93A5002DDFDB /* Telegram 2.0.app */;
			productType = "com.apple.product-type.application";
		};
/* End PBXNativeTarget section */

/* Begin PBXProject section */
		698F7CEA273D93A5002DDFDB /* Project object */ = {
			isa = PBXProject;
			attributes = {
				BuildIndependentTargetsInParallel = 1;
				LastSwiftUpdateCheck = 1300;
				LastUpgradeCheck = 1300;
				TargetAttributes = {
					698F7CF1273D93A5002DDFDB = {
						CreatedOnToolsVersion = 13.0;
					};
				};
			};
			buildConfigurationList = 698F7CED273D93A5002DDFDB /* Build configuration list for PBXProject "Telegram 2.0" */;
			compatibilityVersion = "Xcode 13.0";
			developmentRegion = en;
			hasScannedForEncodings = 0;
			knownRegions = (
				en,
				Base,
				uk,
			);
			mainGroup = 698F7CE9273D93A5002DDFDB;
			productRefGroup = 698F7CF3273D93A5002DDFDB /* Products */;
			projectDirPath = "";
			projectRoot = "";
			targets = (
				698F7CF1273D93A5002DDFDB /* Telegram 2.0 */,
			);
		};
/* End PBXProject section */

/* Begin PBXResourcesBuildPhase section */
		698F7CF0273D93A5002DDFDB /* Resources */ = {
			isa = PBXResourcesBuildPhase;
			buildActionMask = 2147483647;
			files = (
				690FD7D927753BFC0031F846 /* ToastView.xib in Resources */,
				698F7D02273D93A6002DDFDB /* LaunchScreen.storyboard in Resources */,
				69CAA816273D9C25007C3D23 /* RegisterViewController.xib in Resources */,
				69C93D66277254280004F6CF /* RoomMessageCell.xib in Resources */,
				6974DBAB27713027007243E3 /* RoomCell.xib in Resources */,
				69CAA81A273D9C37007C3D23 /* LoginViewController.xib in Resources */,
				6974DB9427712294007243E3 /* Localizable.strings in Resources */,
				69C93D6A2772545B0004F6CF /* OwnRoomMessageCell.xib in Resources */,
				6974DBB527723E42007243E3 /* ResetPasswordViewController.xib in Resources */,
				698F7CFF273D93A6002DDFDB /* Assets.xcassets in Resources */,
				69CAA80E273D9BD5007C3D23 /* RoomListViewController.xib in Resources */,
				69CAA812273D9BFC007C3D23 /* RoomViewController.xib in Resources */,
			);
			runOnlyForDeploymentPostprocessing = 0;
		};
/* End PBXResourcesBuildPhase section */

/* Begin PBXShellScriptBuildPhase section */
		BC4AC7E64D227D853803B795 /* [CP] Check Pods Manifest.lock */ = {
			isa = PBXShellScriptBuildPhase;
			buildActionMask = 2147483647;
			files = (
			);
			inputFileListPaths = (
			);
			inputPaths = (
				"${PODS_PODFILE_DIR_PATH}/Podfile.lock",
				"${PODS_ROOT}/Manifest.lock",
			);
			name = "[CP] Check Pods Manifest.lock";
			outputFileListPaths = (
			);
			outputPaths = (
				"$(DERIVED_FILE_DIR)/Pods-Telegram 2.0-checkManifestLockResult.txt",
			);
			runOnlyForDeploymentPostprocessing = 0;
			shellPath = /bin/sh;
			shellScript = "diff \"${PODS_PODFILE_DIR_PATH}/Podfile.lock\" \"${PODS_ROOT}/Manifest.lock\" > /dev/null\nif [ $? != 0 ] ; then\n    # print error to STDERR\n    echo \"error: The sandbox is not in sync with the Podfile.lock. Run 'pod install' or update your CocoaPods installation.\" >&2\n    exit 1\nfi\n# This output is used by Xcode 'outputs' to avoid re-running this script phase.\necho \"SUCCESS\" > \"${SCRIPT_OUTPUT_FILE_0}\"\n";
			showEnvVarsInLog = 0;
		};
		C900B96230B59569A426C144 /* [CP] Embed Pods Frameworks */ = {
			isa = PBXShellScriptBuildPhase;
			buildActionMask = 2147483647;
			files = (
			);
			inputFileListPaths = (
				"${PODS_ROOT}/Target Support Files/Pods-Telegram 2.0/Pods-Telegram 2.0-frameworks-${CONFIGURATION}-input-files.xcfilelist",
			);
			name = "[CP] Embed Pods Frameworks";
			outputFileListPaths = (
				"${PODS_ROOT}/Target Support Files/Pods-Telegram 2.0/Pods-Telegram 2.0-frameworks-${CONFIGURATION}-output-files.xcfilelist",
			);
			runOnlyForDeploymentPostprocessing = 0;
			shellPath = /bin/sh;
			shellScript = "\"${PODS_ROOT}/Target Support Files/Pods-Telegram 2.0/Pods-Telegram 2.0-frameworks.sh\"\n";
			showEnvVarsInLog = 0;
		};
/* End PBXShellScriptBuildPhase section */

/* Begin PBXSourcesBuildPhase section */
		698F7CEE273D93A5002DDFDB /* Sources */ = {
			isa = PBXSourcesBuildPhase;
			buildActionMask = 2147483647;
			files = (
				6974DBA5277128E5007243E3 /* UIView+Extension.swift in Sources */,
				6971083B27750649004537A4 /* Constants.swift in Sources */,
				6974DBAA27713027007243E3 /* RoomCell.swift in Sources */,
				69C93D65277254280004F6CF /* RoomMessageCell.swift in Sources */,
				6974DB8A2770F73D007243E3 /* AppManager.swift in Sources */,
				69B447E42777845700CAD51C /* SocketService.swift in Sources */,
				6974DBB427723E42007243E3 /* ResetPasswordViewController.swift in Sources */,
				6974DB9027711DF2007243E3 /* BaseController.swift in Sources */,
				6971083927750503004537A4 /* AuthorizationApi.swift in Sources */,
				690FD7E82775436D0031F846 /* UserNameValidator.swift in Sources */,
				69B447E92777A37400CAD51C /* GetAllMessages.swift in Sources */,
				69CAA819273D9C37007C3D23 /* LoginViewController.swift in Sources */,
				69C93D5A277252230004F6CF /* RoomMessageListDataSource.swift in Sources */,
				69C93D692772545B0004F6CF /* OwnRoomMessageCell.swift in Sources */,
				690FD7D2277530AA0031F846 /* RedirectManager.swift in Sources */,
				56DB709927788FEC001A389C /* DefaultButton.swift in Sources */,
				6971084F27751365004537A4 /* CreateRoomRequest.swift in Sources */,
				690FD7E52775436D0031F846 /* VaildatorFactory.swift in Sources */,
				6974DBAF27713960007243E3 /* NSObject+Extension.swift in Sources */,
				690FD7DB27753C180031F846 /* LoadingNib.swift in Sources */,
				690FD7EC277543E20031F846 /* UITextField+Extension.swift in Sources */,
				690FD7E42775436D0031F846 /* EmailValidator.swift in Sources */,
				6974DBAD27713661007243E3 /* RoomListDataSource.swift in Sources */,
				6971085227751A54004537A4 /* User.swift in Sources */,
				6971084927750F6C004537A4 /* RoomsApi.swift in Sources */,
				69CAA80D273D9BD5007C3D23 /* RoomListViewController.swift in Sources */,
				690FD7E62775436D0031F846 /* ValidationError.swift in Sources */,
				69CAA815273D9C25007C3D23 /* RegisterViewController.swift in Sources */,
				698F7CF6273D93A5002DDFDB /* AppDelegate.swift in Sources */,
				6974DB8D2770F996007243E3 /* AppInfo.swift in Sources */,
				690FD7DD27753E620031F846 /* UIViewController+Extension.swift in Sources */,
				690823912772679B000B3943 /* GrowingTextView+Extension.swift in Sources */,
				69B447EB2777B92C00CAD51C /* SendMessage.swift in Sources */,
				6971083D27750823004537A4 /* AuthorizationApiService.swift in Sources */,
				6971084427750BC5004537A4 /* AuthorizationRequest.swift in Sources */,
				6971084B277510BF004537A4 /* RoomsRequest.swift in Sources */,
				6974DBA727712C92007243E3 /* BaseNavigationController.swift in Sources */,
				6971085627751ED7004537A4 /* Room.swift in Sources */,
				690FD7D4277533C30031F846 /* URL+Extension.swift in Sources */,
				6974DBA327712816007243E3 /* UITableView+Extension.swift in Sources */,
				690FD7D827753BFC0031F846 /* ToastView.swift in Sources */,
				6971083F27750963004537A4 /* BaseApiService.swift in Sources */,
				698F7CF8273D93A5002DDFDB /* SceneDelegate.swift in Sources */,
				690FD7EE27754A0F0031F846 /* UIColor+Extension.swift in Sources */,
				69B447EF2778505700CAD51C /* MessageValidator.swift in Sources */,
				690FD7E72775436D0031F846 /* PasswordValidator.swift in Sources */,
				6971085427751D44004537A4 /* JoinRoomResponse.swift in Sources */,
				69CAA811273D9BFC007C3D23 /* RoomViewController.swift in Sources */,
				6971084627750BF0004537A4 /* ConfirmResetPasswordRequest.swift in Sources */,
				69B447E72777897600CAD51C /* Message.swift in Sources */,
				690FD7EA277543950031F846 /* String+Extension.swift in Sources */,
				69B447E227776CD300CAD51C /* RoomsApiService.swift in Sources */,
			);
			runOnlyForDeploymentPostprocessing = 0;
		};
/* End PBXSourcesBuildPhase section */

/* Begin PBXVariantGroup section */
		6974DB9627712294007243E3 /* Localizable.strings */ = {
			isa = PBXVariantGroup;
			children = (
				6974DB9527712294007243E3 /* en */,
				6974DB9927712352007243E3 /* uk */,
			);
			name = Localizable.strings;
			sourceTree = "<group>";
		};
		698F7D00273D93A6002DDFDB /* LaunchScreen.storyboard */ = {
			isa = PBXVariantGroup;
			children = (
				698F7D01273D93A6002DDFDB /* Base */,
			);
			name = LaunchScreen.storyboard;
			sourceTree = "<group>";
		};
/* End PBXVariantGroup section */

/* Begin XCBuildConfiguration section */
		698F7D1A273D93A6002DDFDB /* Debug */ = {
			isa = XCBuildConfiguration;
			buildSettings = {
				ALWAYS_SEARCH_USER_PATHS = NO;
				CLANG_ANALYZER_LOCALIZABILITY_NONLOCALIZED = YES;
				CLANG_ANALYZER_NONNULL = YES;
				CLANG_ANALYZER_NUMBER_OBJECT_CONVERSION = YES_AGGRESSIVE;
				CLANG_CXX_LANGUAGE_STANDARD = "gnu++17";
				CLANG_CXX_LIBRARY = "libc++";
				CLANG_ENABLE_MODULES = YES;
				CLANG_ENABLE_OBJC_ARC = YES;
				CLANG_ENABLE_OBJC_WEAK = YES;
				CLANG_WARN_BLOCK_CAPTURE_AUTORELEASING = YES;
				CLANG_WARN_BOOL_CONVERSION = YES;
				CLANG_WARN_COMMA = YES;
				CLANG_WARN_CONSTANT_CONVERSION = YES;
				CLANG_WARN_DEPRECATED_OBJC_IMPLEMENTATIONS = YES;
				CLANG_WARN_DIRECT_OBJC_ISA_USAGE = YES_ERROR;
				CLANG_WARN_DOCUMENTATION_COMMENTS = YES;
				CLANG_WARN_EMPTY_BODY = YES;
				CLANG_WARN_ENUM_CONVERSION = YES;
				CLANG_WARN_INFINITE_RECURSION = YES;
				CLANG_WARN_INT_CONVERSION = YES;
				CLANG_WARN_NON_LITERAL_NULL_CONVERSION = YES;
				CLANG_WARN_OBJC_IMPLICIT_RETAIN_SELF = YES;
				CLANG_WARN_OBJC_LITERAL_CONVERSION = YES;
				CLANG_WARN_OBJC_ROOT_CLASS = YES_ERROR;
				CLANG_WARN_QUOTED_INCLUDE_IN_FRAMEWORK_HEADER = YES;
				CLANG_WARN_RANGE_LOOP_ANALYSIS = YES;
				CLANG_WARN_STRICT_PROTOTYPES = YES;
				CLANG_WARN_SUSPICIOUS_MOVE = YES;
				CLANG_WARN_UNGUARDED_AVAILABILITY = YES_AGGRESSIVE;
				CLANG_WARN_UNREACHABLE_CODE = YES;
				CLANG_WARN__DUPLICATE_METHOD_MATCH = YES;
				COPY_PHASE_STRIP = NO;
				DEBUG_INFORMATION_FORMAT = dwarf;
				ENABLE_STRICT_OBJC_MSGSEND = YES;
				ENABLE_TESTABILITY = YES;
				GCC_C_LANGUAGE_STANDARD = gnu11;
				GCC_DYNAMIC_NO_PIC = NO;
				GCC_NO_COMMON_BLOCKS = YES;
				GCC_OPTIMIZATION_LEVEL = 0;
				GCC_PREPROCESSOR_DEFINITIONS = (
					"DEBUG=1",
					"$(inherited)",
				);
				GCC_WARN_64_TO_32_BIT_CONVERSION = YES;
				GCC_WARN_ABOUT_RETURN_TYPE = YES_ERROR;
				GCC_WARN_UNDECLARED_SELECTOR = YES;
				GCC_WARN_UNINITIALIZED_AUTOS = YES_AGGRESSIVE;
				GCC_WARN_UNUSED_FUNCTION = YES;
				GCC_WARN_UNUSED_VARIABLE = YES;
				IPHONEOS_DEPLOYMENT_TARGET = 11.0;
				MTL_ENABLE_DEBUG_INFO = INCLUDE_SOURCE;
				MTL_FAST_MATH = YES;
				ONLY_ACTIVE_ARCH = YES;
				SDKROOT = iphoneos;
				SWIFT_ACTIVE_COMPILATION_CONDITIONS = DEBUG;
				SWIFT_OPTIMIZATION_LEVEL = "-Onone";
			};
			name = Debug;
		};
		698F7D1B273D93A6002DDFDB /* Release */ = {
			isa = XCBuildConfiguration;
			buildSettings = {
				ALWAYS_SEARCH_USER_PATHS = NO;
				CLANG_ANALYZER_LOCALIZABILITY_NONLOCALIZED = YES;
				CLANG_ANALYZER_NONNULL = YES;
				CLANG_ANALYZER_NUMBER_OBJECT_CONVERSION = YES_AGGRESSIVE;
				CLANG_CXX_LANGUAGE_STANDARD = "gnu++17";
				CLANG_CXX_LIBRARY = "libc++";
				CLANG_ENABLE_MODULES = YES;
				CLANG_ENABLE_OBJC_ARC = YES;
				CLANG_ENABLE_OBJC_WEAK = YES;
				CLANG_WARN_BLOCK_CAPTURE_AUTORELEASING = YES;
				CLANG_WARN_BOOL_CONVERSION = YES;
				CLANG_WARN_COMMA = YES;
				CLANG_WARN_CONSTANT_CONVERSION = YES;
				CLANG_WARN_DEPRECATED_OBJC_IMPLEMENTATIONS = YES;
				CLANG_WARN_DIRECT_OBJC_ISA_USAGE = YES_ERROR;
				CLANG_WARN_DOCUMENTATION_COMMENTS = YES;
				CLANG_WARN_EMPTY_BODY = YES;
				CLANG_WARN_ENUM_CONVERSION = YES;
				CLANG_WARN_INFINITE_RECURSION = YES;
				CLANG_WARN_INT_CONVERSION = YES;
				CLANG_WARN_NON_LITERAL_NULL_CONVERSION = YES;
				CLANG_WARN_OBJC_IMPLICIT_RETAIN_SELF = YES;
				CLANG_WARN_OBJC_LITERAL_CONVERSION = YES;
				CLANG_WARN_OBJC_ROOT_CLASS = YES_ERROR;
				CLANG_WARN_QUOTED_INCLUDE_IN_FRAMEWORK_HEADER = YES;
				CLANG_WARN_RANGE_LOOP_ANALYSIS = YES;
				CLANG_WARN_STRICT_PROTOTYPES = YES;
				CLANG_WARN_SUSPICIOUS_MOVE = YES;
				CLANG_WARN_UNGUARDED_AVAILABILITY = YES_AGGRESSIVE;
				CLANG_WARN_UNREACHABLE_CODE = YES;
				CLANG_WARN__DUPLICATE_METHOD_MATCH = YES;
				COPY_PHASE_STRIP = NO;
				DEBUG_INFORMATION_FORMAT = "dwarf-with-dsym";
				ENABLE_NS_ASSERTIONS = NO;
				ENABLE_STRICT_OBJC_MSGSEND = YES;
				GCC_C_LANGUAGE_STANDARD = gnu11;
				GCC_NO_COMMON_BLOCKS = YES;
				GCC_WARN_64_TO_32_BIT_CONVERSION = YES;
				GCC_WARN_ABOUT_RETURN_TYPE = YES_ERROR;
				GCC_WARN_UNDECLARED_SELECTOR = YES;
				GCC_WARN_UNINITIALIZED_AUTOS = YES_AGGRESSIVE;
				GCC_WARN_UNUSED_FUNCTION = YES;
				GCC_WARN_UNUSED_VARIABLE = YES;
				IPHONEOS_DEPLOYMENT_TARGET = 11.0;
				MTL_ENABLE_DEBUG_INFO = NO;
				MTL_FAST_MATH = YES;
				SDKROOT = iphoneos;
				SWIFT_COMPILATION_MODE = wholemodule;
				SWIFT_OPTIMIZATION_LEVEL = "-O";
				VALIDATE_PRODUCT = YES;
			};
			name = Release;
		};
		698F7D1D273D93A6002DDFDB /* Debug */ = {
			isa = XCBuildConfiguration;
			baseConfigurationReference = C5924FDD4E9885559BEF293C /* Pods-Telegram 2.0.debug.xcconfig */;
			buildSettings = {
				ASSETCATALOG_COMPILER_APPICON_NAME = AppIcon;
				ASSETCATALOG_COMPILER_GLOBAL_ACCENT_COLOR_NAME = AccentColor;
				CODE_SIGN_STYLE = Automatic;
				CURRENT_PROJECT_VERSION = 1;
				GENERATE_INFOPLIST_FILE = YES;
				INFOPLIST_FILE = "Telegram 2.0/Info.plist";
				INFOPLIST_KEY_UIApplicationSupportsIndirectInputEvents = YES;
				INFOPLIST_KEY_UILaunchStoryboardName = LaunchScreen;
				INFOPLIST_KEY_UISupportedInterfaceOrientations = UIInterfaceOrientationPortrait;
				INFOPLIST_KEY_UISupportedInterfaceOrientations_iPad = "UIInterfaceOrientationPortrait UIInterfaceOrientationPortraitUpsideDown UIInterfaceOrientationLandscapeLeft UIInterfaceOrientationLandscapeRight";
				INFOPLIST_KEY_UISupportedInterfaceOrientations_iPhone = "UIInterfaceOrientationPortrait UIInterfaceOrientationLandscapeLeft UIInterfaceOrientationLandscapeRight";
				IPHONEOS_DEPLOYMENT_TARGET = 11.0;
				LD_RUNPATH_SEARCH_PATHS = (
					"$(inherited)",
					"@executable_path/Frameworks",
				);
				MARKETING_VERSION = 1.0;
				PRODUCT_BUNDLE_IDENTIFIER = com.better.telegram;
				PRODUCT_NAME = "$(TARGET_NAME)";
				SWIFT_EMIT_LOC_STRINGS = YES;
				SWIFT_VERSION = 5.0;
				TARGETED_DEVICE_FAMILY = 1;
			};
			name = Debug;
		};
		698F7D1E273D93A6002DDFDB /* Release */ = {
			isa = XCBuildConfiguration;
			baseConfigurationReference = 3C0B7FB51E23FA92B7CBCC4C /* Pods-Telegram 2.0.release.xcconfig */;
			buildSettings = {
				ASSETCATALOG_COMPILER_APPICON_NAME = AppIcon;
				ASSETCATALOG_COMPILER_GLOBAL_ACCENT_COLOR_NAME = AccentColor;
				CODE_SIGN_STYLE = Automatic;
				CURRENT_PROJECT_VERSION = 1;
				GENERATE_INFOPLIST_FILE = YES;
				INFOPLIST_FILE = "Telegram 2.0/Info.plist";
				INFOPLIST_KEY_UIApplicationSupportsIndirectInputEvents = YES;
				INFOPLIST_KEY_UILaunchStoryboardName = LaunchScreen;
				INFOPLIST_KEY_UISupportedInterfaceOrientations = UIInterfaceOrientationPortrait;
				INFOPLIST_KEY_UISupportedInterfaceOrientations_iPad = "UIInterfaceOrientationPortrait UIInterfaceOrientationPortraitUpsideDown UIInterfaceOrientationLandscapeLeft UIInterfaceOrientationLandscapeRight";
				INFOPLIST_KEY_UISupportedInterfaceOrientations_iPhone = "UIInterfaceOrientationPortrait UIInterfaceOrientationLandscapeLeft UIInterfaceOrientationLandscapeRight";
				IPHONEOS_DEPLOYMENT_TARGET = 11.0;
				LD_RUNPATH_SEARCH_PATHS = (
					"$(inherited)",
					"@executable_path/Frameworks",
				);
				MARKETING_VERSION = 1.0;
				PRODUCT_BUNDLE_IDENTIFIER = com.better.telegram;
				PRODUCT_NAME = "$(TARGET_NAME)";
				SWIFT_EMIT_LOC_STRINGS = YES;
				SWIFT_VERSION = 5.0;
				TARGETED_DEVICE_FAMILY = 1;
			};
			name = Release;
		};
/* End XCBuildConfiguration section */

/* Begin XCConfigurationList section */
		698F7CED273D93A5002DDFDB /* Build configuration list for PBXProject "Telegram 2.0" */ = {
			isa = XCConfigurationList;
			buildConfigurations = (
				698F7D1A273D93A6002DDFDB /* Debug */,
				698F7D1B273D93A6002DDFDB /* Release */,
			);
			defaultConfigurationIsVisible = 0;
			defaultConfigurationName = Release;
		};
		698F7D1C273D93A6002DDFDB /* Build configuration list for PBXNativeTarget "Telegram 2.0" */ = {
			isa = XCConfigurationList;
			buildConfigurations = (
				698F7D1D273D93A6002DDFDB /* Debug */,
				698F7D1E273D93A6002DDFDB /* Release */,
			);
			defaultConfigurationIsVisible = 0;
			defaultConfigurationName = Release;
		};
/* End XCConfigurationList section */
	};
	rootObject = 698F7CEA273D93A5002DDFDB /* Project object */;
}
